
Microsoft Visual Studio Solution File, Format Version 12.00
# Visual Studio Version 17
VisualStudioVersion = 17.0.31903.59
MinimumVisualStudioVersion = 10.0.40219.1
Project("{FAE04EC0-301F-11D3-BF4B-00C04F79EFBC}") = "AgentTools.Llm", "AgentTools.Llm\AgentTools.Llm.csproj", "{2062C5DA-082F-4E15-8553-76CE720822E5}"
EndProject
Project("{FAE04EC0-301F-11D3-BF4B-00C04F79EFBC}") = "AgentTools.Llm.Tests", "AgentTools.Llm.Tests\AgentTools.Llm.Tests.csproj", "{AE8BF4DC-0A45-4120-B6FD-0FAE3E22B037}"
EndProject
Global
	GlobalSection(SolutionConfigurationPlatforms) = preSolution
		Debug|Any CPU = Debug|Any CPU
		Release|Any CPU = Release|Any CPU
	EndGlobalSection
	GlobalSection(SolutionProperties) = preSolution
		HideSolutionNode = FALSE
	EndGlobalSection
	GlobalSection(ProjectConfigurationPlatforms) = postSolution
		{2062C5DA-082F-4E15-8553-76CE720822E5}.Debug|Any CPU.ActiveCfg = Debug|Any CPU
		{2062C5DA-082F-4E15-8553-76CE720822E5}.Debug|Any CPU.Build.0 = Debug|Any CPU
		{2062C5DA-082F-4E15-8553-76CE720822E5}.Release|Any CPU.ActiveCfg = Release|Any CPU
		{2062C5DA-082F-4E15-8553-76CE720822E5}.Release|Any CPU.Build.0 = Release|Any CPU
		{AE8BF4DC-0A45-4120-B6FD-0FAE3E22B037}.Debug|Any CPU.ActiveCfg = Debug|Any CPU
		{AE8BF4DC-0A45-4120-B6FD-0FAE3E22B037}.Debug|Any CPU.Build.0 = Debug|Any CPU
		{AE8BF4DC-0A45-4120-B6FD-0FAE3E22B037}.Release|Any CPU.ActiveCfg = Release|Any CPU
		{AE8BF4DC-0A45-4120-B6FD-0FAE3E22B037}.Release|Any CPU.Build.0 = Release|Any CPU
	EndGlobalSection
EndGlobal
